
Microsoft Visual Studio Solution File, Format Version 12.00
# Visual Studio 14
VisualStudioVersion = 14.0.25420.1
MinimumVisualStudioVersion = 10.0.40219.1
Project("{FAE04EC0-301F-11D3-BF4B-00C04F79EFBC}") = "IndustrialControlLibrary", "IndustrialControlLibrary\IndustrialControlLibrary.csproj", "{5DE33067-3642-4CCC-A499-656421027D7D}"
EndProject
Project("{FAE04EC0-301F-11D3-BF4B-00C04F79EFBC}") = "Examples", "Examples\Examples.csproj", "{EE58FE70-CF39-424F-B45D-606BEBB520EF}"
EndProject
Global
	GlobalSection(SolutionConfigurationPlatforms) = preSolution
		Debug|Any CPU = Debug|Any CPU
		Release|Any CPU = Release|Any CPU
	EndGlobalSection
	GlobalSection(ProjectConfigurationPlatforms) = postSolution
		{5DE33067-3642-4CCC-A499-656421027D7D}.Debug|Any CPU.ActiveCfg = Debug|Any CPU
		{5DE33067-3642-4CCC-A499-656421027D7D}.Debug|Any CPU.Build.0 = Debug|Any CPU
		{5DE33067-3642-4CCC-A499-656421027D7D}.Release|Any CPU.ActiveCfg = Release|Any CPU
		{5DE33067-3642-4CCC-A499-656421027D7D}.Release|Any CPU.Build.0 = Release|Any CPU
		{EE58FE70-CF39-424F-B45D-606BEBB520EF}.Debug|Any CPU.ActiveCfg = Debug|Any CPU
		{EE58FE70-CF39-424F-B45D-606BEBB520EF}.Debug|Any CPU.Build.0 = Debug|Any CPU
		{EE58FE70-CF39-424F-B45D-606BEBB520EF}.Release|Any CPU.ActiveCfg = Release|Any CPU
		{EE58FE70-CF39-424F-B45D-606BEBB520EF}.Release|Any CPU.Build.0 = Release|Any CPU
	EndGlobalSection
	GlobalSection(SolutionProperties) = preSolution
		HideSolutionNode = FALSE
	EndGlobalSection
EndGlobal
